// !$*UTF8*$!
{
	archiveVersion = 1;
	classes = {
	};
	objectVersion = 46;
	objects = {

/* Begin PBXBuildFile section */
		C1A717FE1F350F62002A2A40 /* AppDelegate.swift in Sources */ = {isa = PBXBuildFile; fileRef = C1A717FD1F350F62002A2A40 /* AppDelegate.swift */; };
		C1A718001F350F62002A2A40 /* ViewController.swift in Sources */ = {isa = PBXBuildFile; fileRef = C1A717FF1F350F62002A2A40 /* ViewController.swift */; };
		C1A718031F350F62002A2A40 /* Main.storyboard in Resources */ = {isa = PBXBuildFile; fileRef = C1A718011F350F62002A2A40 /* Main.storyboard */; };
		C1A718051F350F62002A2A40 /* Assets.xcassets in Resources */ = {isa = PBXBuildFile; fileRef = C1A718041F350F62002A2A40 /* Assets.xcassets */; };
		C1A718081F350F62002A2A40 /* LaunchScreen.storyboard in Resources */ = {isa = PBXBuildFile; fileRef = C1A718061F350F62002A2A40 /* LaunchScreen.storyboard */; };
/* End PBXBuildFile section */

/* Begin PBXFileReference section */
		C1A717FA1F350F62002A2A40 /* SnapChat.app */ = {isa = PBXFileReference; explicitFileType = wrapper.application; includeInIndex = 0; path = SnapChat.app; sourceTree = BUILT_PRODUCTS_DIR; };
		C1A717FD1F350F62002A2A40 /* AppDelegate.swift */ = {isa = PBXFileReference; lastKnownFileType = sourcecode.swift; path = AppDelegate.swift; sourceTree = "<group>"; };
		C1A717FF1F350F62002A2A40 /* ViewController.swift */ = {isa = PBXFileReference; lastKnownFileType = sourcecode.swift; path = ViewController.swift; sourceTree = "<group>"; };
		C1A718021F350F62002A2A40 /* Base */ = {isa = PBXFileReference; lastKnownFileType = file.storyboard; name = Base; path = Base.lproj/Main.storyboard; sourceTree = "<group>"; };
		C1A718041F350F62002A2A40 /* Assets.xcassets */ = {isa = PBXFileReference; lastKnownFileType = folder.assetcatalog; path = Assets.xcassets; sourceTree = "<group>"; };
		C1A718071F350F62002A2A40 /* Base */ = {isa = PBXFileReference; lastKnownFileType = file.storyboard; name = Base; path = Base.lproj/LaunchScreen.storyboard; sourceTree = "<group>"; };
		C1A718091F350F62002A2A40 /* Info.plist */ = {isa = PBXFileReference; lastKnownFileType = text.plist.xml; path = Info.plist; sourceTree = "<group>"; };
/* End PBXFileReference section */

/* Begin PBXFrameworksBuildPhase section */
		C1A717F71F350F62002A2A40 /* Frameworks */ = {
			isa = PBXFrameworksBuildPhase;
			buildActionMask = 2147483647;
			files = (
			);
			runOnlyForDeploymentPostprocessing = 0;
		};
/* End PBXFrameworksBuildPhase section */

/* Begin PBXGroup section */
		C1A717F11F350F62002A2A40 = {
			isa = PBXGroup;
			children = (
				C1A717FC1F350F62002A2A40 /* SnapChat */,
				C1A717FB1F350F62002A2A40 /* Products */,
			);
			sourceTree = "<group>";
		};
		C1A717FB1F350F62002A2A40 /* Products */ = {
			isa = PBXGroup;
			children = (
				C1A717FA1F350F62002A2A40 /* SnapChat.app */,
			);
			name = Products;
			sourceTree = "<group>";
		};
		C1A717FC1F350F62002A2A40 /* SnapChat */ = {
			isa = PBXGroup;
			children = (
				C1A717FD1F350F62002A2A40 /* AppDelegate.swift */,
				C1A717FF1F350F62002A2A40 /* ViewController.swift */,
				C1A718011F350F62002A2A40 /* Main.storyboard */,
				C1A718041F350F62002A2A40 /* Assets.xcassets */,
				C1A718061F350F62002A2A40 /* LaunchScreen.storyboard */,
				C1A718091F350F62002A2A40 /* Info.plist */,
			);
			path = SnapChat;
			sourceTree = "<group>";
		};
/* End PBXGroup section */

/* Begin PBXNativeTarget section */
		C1A717F91F350F62002A2A40 /* SnapChat */ = {
			isa = PBXNativeTarget;
			buildConfigurationList = C1A7180C1F350F62002A2A40 /* Build configuration list for PBXNativeTarget "SnapChat" */;
			buildPhases = (
				C1A717F61F350F62002A2A40 /* Sources */,
				C1A717F71F350F62002A2A40 /* Frameworks */,
				C1A717F81F350F62002A2A40 /* Resources */,
			);
			buildRules = (
			);
			dependencies = (
			);
			name = SnapChat;
			productName = SnapChat;
			productReference = C1A717FA1F350F62002A2A40 /* SnapChat.app */;
			productType = "com.apple.product-type.application";
		};
/* End PBXNativeTarget section */

/* Begin PBXProject section */
		C1A717F21F350F62002A2A40 /* Project object */ = {
			isa = PBXProject;
			attributes = {
				LastSwiftUpdateCheck = 0830;
				LastUpgradeCheck = 0830;
				ORGANIZATIONNAME = "Cool Apps";
				TargetAttributes = {
					C1A717F91F350F62002A2A40 = {
						CreatedOnToolsVersion = 8.3.3;
						ProvisioningStyle = Automatic;
					};
				};
			};
			buildConfigurationList = C1A717F51F350F62002A2A40 /* Build configuration list for PBXProject "SnapChat" */;
			compatibilityVersion = "Xcode 3.2";
			developmentRegion = English;
			hasScannedForEncodings = 0;
			knownRegions = (
				en,
				Base,
			);
			mainGroup = C1A717F11F350F62002A2A40;
			productRefGroup = C1A717FB1F350F62002A2A40 /* Products */;
			projectDirPath = "";
			projectRoot = "";
			targets = (
				C1A717F91F350F62002A2A40 /* SnapChat */,
			);
		};
/* End PBXProject section */

/* Begin PBXResourcesBuildPhase section */
		C1A717F81F350F62002A2A40 /* Resources */ = {
			isa = PBXResourcesBuildPhase;
			buildActionMask = 2147483647;
			files = (
				C1A718081F350F62002A2A40 /* LaunchScreen.storyboard in Resources */,
				C1A718051F350F62002A2A40 /* Assets.xcassets in Resources */,
				C1A718031F350F62002A2A40 /* Main.storyboard in Resources */,
			);
			runOnlyForDeploymentPostprocessing = 0;
		};
/* End PBXResourcesBuildPhase section */

/* Begin PBXSourcesBuildPhase section */
		C1A717F61F350F62002A2A40 /* Sources */ = {
			isa = PBXSourcesBuildPhase;
			buildActionMask = 2147483647;
			files = (
				C1A718001F350F62002A2A40 /* ViewController.swift in Sources */,
				C1A717FE1F350F62002A2A40 /* AppDelegate.swift in Sources */,
			);
			runOnlyForDeploymentPostprocessing = 0;
		};
/* End PBXSourcesBuildPhase section */

/* Begin PBXVariantGroup section */
		C1A718011F350F62002A2A40 /* Main.storyboard */ = {
			isa = PBXVariantGroup;
			children = (
				C1A718021F350F62002A2A40 /* Base */,
			);
			name = Main.storyboard;
			sourceTree = "<group>";
		};
		C1A718061F350F62002A2A40 /* LaunchScreen.storyboard */ = {
			isa = PBXVariantGroup;
			children = (
				C1A718071F350F62002A2A40 /* Base */,
			);
			name = LaunchScreen.storyboard;
			sourceTree = "<group>";
		};
/* End PBXVariantGroup section */

/* Begin XCBuildConfiguration section */
		C1A7180A1F350F62002A2A40 /* Debug */ = {
			isa = XCBuildConfiguration;
			buildSettings = {
				ALWAYS_SEARCH_USER_PATHS = NO;
				CLANG_ANALYZER_NONNULL = YES;
				CLANG_ANALYZER_NUMBER_OBJECT_CONVERSION = YES_AGGRESSIVE;
				CLANG_CXX_LANGUAGE_STANDARD = "gnu++0x";
				CLANG_CXX_LIBRARY = "libc++";
				CLANG_ENABLE_MODULES = YES;
				CLANG_ENABLE_OBJC_ARC = YES;
				CLANG_WARN_BOOL_CONVERSION = YES;
				CLANG_WARN_CONSTANT_CONVERSION = YES;
				CLANG_WARN_DIRECT_OBJC_ISA_USAGE = YES_ERROR;
				CLANG_WARN_DOCUMENTATION_COMMENTS = YES;
				CLANG_WARN_EMPTY_BODY = YES;
				CLANG_WARN_ENUM_CONVERSION = YES;
				CLANG_WARN_INFINITE_RECURSION = YES;
				CLANG_WARN_INT_CONVERSION = YES;
				CLANG_WARN_OBJC_ROOT_CLASS = YES_ERROR;
				CLANG_WARN_SUSPICIOUS_MOVE = YES;
				CLANG_WARN_UNREACHABLE_CODE = YES;
				CLANG_WARN__DUPLICATE_METHOD_MATCH = YES;
				"CODE_SIGN_IDENTITY[sdk=iphoneos*]" = "iPhone Developer";
				COPY_PHASE_STRIP = NO;
				DEBUG_INFORMATION_FORMAT = dwarf;
				ENABLE_STRICT_OBJC_MSGSEND = YES;
				ENABLE_TESTABILITY = YES;
				GCC_C_LANGUAGE_STANDARD = gnu99;
				GCC_DYNAMIC_NO_PIC = NO;
				GCC_NO_COMMON_BLOCKS = YES;
				GCC_OPTIMIZATION_LEVEL = 0;
				GCC_PREPROCESSOR_DEFINITIONS = (
					"DEBUG=1",
					"$(inherited)",
				);
				GCC_WARN_64_TO_32_BIT_CONVERSION = YES;
				GCC_WARN_ABOUT_RETURN_TYPE = YES_ERROR;
				GCC_WARN_UNDECLARED_SELECTOR = YES;
				GCC_WARN_UNINITIALIZED_AUTOS = YES_AGGRESSIVE;
				GCC_WARN_UNUSED_FUNCTION = YES;
				GCC_WARN_UNUSED_VARIABLE = YES;
				IPHONEOS_DEPLOYMENT_TARGET = 10.3;
				MTL_ENABLE_DEBUG_INFO = YES;
				ONLY_ACTIVE_ARCH = YES;
				SDKROOT = iphoneos;
				SWIFT_ACTIVE_COMPILATION_CONDITIONS = DEBUG;
				SWIFT_OPTIMIZATION_LEVEL = "-Onone";
				TARGETED_DEVICE_FAMILY = "1,2";
			};
			name = Debug;
		};
		C1A7180B1F350F62002A2A40 /* Release */ = {
			isa = XCBuildConfiguration;
			buildSettings = {
				ALWAYS_SEARCH_USER_PATHS = NO;
				CLANG_ANALYZER_NONNULL = YES;
				CLANG_ANALYZER_NUMBER_OBJECT_CONVERSION = YES_AGGRESSIVE;
				CLANG_CXX_LANGUAGE_STANDARD = "gnu++0x";
				CLANG_CXX_LIBRARY = "libc++";
				CLANG_ENABLE_MODULES = YES;
				CLANG_ENABLE_OBJC_ARC = YES;
				CLANG_WARN_BOOL_CONVERSION = YES;
				CLANG_WARN_CONSTANT_CONVERSION = YES;
				CLANG_WARN_DIRECT_OBJC_ISA_USAGE = YES_ERROR;
				CLANG_WARN_DOCUMENTATION_COMMENTS = YES;
				CLANG_WARN_EMPTY_BODY = YES;
				CLANG_WARN_ENUM_CONVERSION = YES;
				CLANG_WARN_INFINITE_RECURSION = YES;
				CLANG_WARN_INT_CONVERSION = YES;
				CLANG_WARN_OBJC_ROOT_CLASS = YES_ERROR;
				CLANG_WARN_SUSPICIOUS_MOVE = YES;
				CLANG_WARN_UNREACHABLE_CODE = YES;
				CLANG_WARN__DUPLICATE_METHOD_MATCH = YES;
				"CODE_SIGN_IDENTITY[sdk=iphoneos*]" = "iPhone Developer";
				COPY_PHASE_STRIP = NO;
				DEBUG_INFORMATION_FORMAT = "dwarf-with-dsym";
				ENABLE_NS_ASSERTIONS = NO;
				ENABLE_STRICT_OBJC_MSGSEND = YES;
				GCC_C_LANGUAGE_STANDARD = gnu99;
				GCC_NO_COMMON_BLOCKS = YES;
				GCC_WARN_64_TO_32_BIT_CONVERSION = YES;
				GCC_WARN_ABOUT_RETURN_TYPE = YES_ERROR;
				GCC_WARN_UNDECLARED_SELECTOR = YES;
				GCC_WARN_UNINITIALIZED_AUTOS = YES_AGGRESSIVE;
				GCC_WARN_UNUSED_FUNCTION = YES;
				GCC_WARN_UNUSED_VARIABLE = YES;
				IPHONEOS_DEPLOYMENT_TARGET = 10.3;
				MTL_ENABLE_DEBUG_INFO = NO;
				SDKROOT = iphoneos;
				SWIFT_OPTIMIZATION_LEVEL = "-Owholemodule";
				TARGETED_DEVICE_FAMILY = "1,2";
				VALIDATE_PRODUCT = YES;
			};
			name = Release;
		};
		C1A7180D1F350F62002A2A40 /* Debug */ = {
			isa = XCBuildConfiguration;
			buildSettings = {
				ASSETCATALOG_COMPILER_APPICON_NAME = AppIcon;
				INFOPLIST_FILE = SnapChat/Info.plist;
				LD_RUNPATH_SEARCH_PATHS = "$(inherited) @executable_path/Frameworks";
				PRODUCT_BUNDLE_IDENTIFIER = "com.cool-apps.SnapChat";
				PRODUCT_NAME = "$(TARGET_NAME)";
				SWIFT_VERSION = 3.0;
			};
			name = Debug;
		};
		C1A7180E1F350F62002A2A40 /* Release */ = {
			isa = XCBuildConfiguration;
			buildSettings = {
				ASSETCATALOG_COMPILER_APPICON_NAME = AppIcon;
				INFOPLIST_FILE = SnapChat/Info.plist;
				LD_RUNPATH_SEARCH_PATHS = "$(inherited) @executable_path/Frameworks";
				PRODUCT_BUNDLE_IDENTIFIER = "com.cool-apps.SnapChat";
				PRODUCT_NAME = "$(TARGET_NAME)";
				SWIFT_VERSION = 3.0;
			};
			name = Release;
		};
/* End XCBuildConfiguration section */

/* Begin XCConfigurationList section */
		C1A717F51F350F62002A2A40 /* Build configuration list for PBXProject "SnapChat" */ = {
			isa = XCConfigurationList;
			buildConfigurations = (
				C1A7180A1F350F62002A2A40 /* Debug */,
				C1A7180B1F350F62002A2A40 /* Release */,
			);
			defaultConfigurationIsVisible = 0;
			defaultConfigurationName = Release;
		};
		C1A7180C1F350F62002A2A40 /* Build configuration list for PBXNativeTarget "SnapChat" */ = {
			isa = XCConfigurationList;
			buildConfigurations = (
				C1A7180D1F350F62002A2A40 /* Debug */,
				C1A7180E1F350F62002A2A40 /* Release */,
			);
			defaultConfigurationIsVisible = 0;
		};
/* End XCConfigurationList section */
	};
	rootObject = C1A717F21F350F62002A2A40 /* Project object */;
}
